{
  "name": "excalidash",
  "version": "0.0.0",
  "lockfileVersion": 3,
  "requires": true,
  "packages": {
    "": {
      "name": "excalidash",
      "version": "0.0.0"
    },
    "packages/sync-diagrams": {
      "name": "@roofailab/excalidash-sync",
      "version": "0.1.2",
      "extraneous": true,
      "dependencies": {
        "@excalidraw/mermaid-to-excalidraw": "^0.3.0",
        "esbuild": "~0.27.0",
        "playwright": "^1.58.2"
      },
      "bin": {
        "excalidash-sync": "dist/index.js"
      },
      "devDependencies": {
        "@types/node": "^20.0.0",
        "tsx": "^4.0.0",
        "typescript": "^5.0.0"
      }
    }
  }
}
